
Microsoft Visual Studio Solution File, Format Version 12.00
# Visual Studio Version 17
VisualStudioVersion = 17.5.33530.505
MinimumVisualStudioVersion = 10.0.40219.1
Project("{888888A0-9F3D-457C-B088-3A5042F75D52}") = "Python_calculator", "Python_calculator\Python_calculator.pyproj", "{60FFD2B7-5924-4B32-989D-9D54CEDCD57C}"
EndProject
Global
	GlobalSection(SolutionConfigurationPlatforms) = preSolution
		Debug|Any CPU = Debug|Any CPU
		Release|Any CPU = Release|Any CPU
	EndGlobalSection
	GlobalSection(ProjectConfigurationPlatforms) = postSolution
		{60FFD2B7-5924-4B32-989D-9D54CEDCD57C}.Debug|Any CPU.ActiveCfg = Debug|Any CPU
		{60FFD2B7-5924-4B32-989D-9D54CEDCD57C}.Release|Any CPU.ActiveCfg = Release|Any CPU
	EndGlobalSection
	GlobalSection(SolutionProperties) = preSolution
		HideSolutionNode = FALSE
	EndGlobalSection
	GlobalSection(ExtensibilityGlobals) = postSolution
		SolutionGuid = {B85E1312-48EC-4ED5-BA10-03D14B706413}
	EndGlobalSection
EndGlobal
